
Microsoft Visual Studio Solution File, Format Version 12.00
# Visual Studio Version 17
VisualStudioVersion = 17.2.32602.215
MinimumVisualStudioVersion = 10.0.40219.1
Project("{9A19103F-16F7-4668-BE54-9A1E7A4F7556}") = "Ellen_Falpus_CadCategoria", "Ellen_Falpus_CadCategoria\Ellen_Falpus_CadCategoria.csproj", "{DC6D51F6-0895-4900-93DE-F986A3AE8CE5}"
EndProject
Project("{9A19103F-16F7-4668-BE54-9A1E7A4F7556}") = "Usuarios", "Usuarios\Usuarios.csproj", "{21F380E0-2B18-49E9-A4C9-BC5CBDB8A682}"
EndProject
Project("{FAE04EC0-301F-11D3-BF4B-00C04F79EFBC}") = "Testes", "Testes\Testes.csproj", "{55406D71-D296-4A2C-A2D9-AA09E68D3C99}"
EndProject
Global
	GlobalSection(SolutionConfigurationPlatforms) = preSolution
		Debug|Any CPU = Debug|Any CPU
		Release|Any CPU = Release|Any CPU
	EndGlobalSection
	GlobalSection(ProjectConfigurationPlatforms) = postSolution
		{DC6D51F6-0895-4900-93DE-F986A3AE8CE5}.Debug|Any CPU.ActiveCfg = Debug|Any CPU
		{DC6D51F6-0895-4900-93DE-F986A3AE8CE5}.Debug|Any CPU.Build.0 = Debug|Any CPU
		{DC6D51F6-0895-4900-93DE-F986A3AE8CE5}.Release|Any CPU.ActiveCfg = Release|Any CPU
		{DC6D51F6-0895-4900-93DE-F986A3AE8CE5}.Release|Any CPU.Build.0 = Release|Any CPU
		{21F380E0-2B18-49E9-A4C9-BC5CBDB8A682}.Debug|Any CPU.ActiveCfg = Debug|Any CPU
		{21F380E0-2B18-49E9-A4C9-BC5CBDB8A682}.Debug|Any CPU.Build.0 = Debug|Any CPU
		{21F380E0-2B18-49E9-A4C9-BC5CBDB8A682}.Release|Any CPU.ActiveCfg = Release|Any CPU
		{21F380E0-2B18-49E9-A4C9-BC5CBDB8A682}.Release|Any CPU.Build.0 = Release|Any CPU
		{55406D71-D296-4A2C-A2D9-AA09E68D3C99}.Debug|Any CPU.ActiveCfg = Debug|Any CPU
		{55406D71-D296-4A2C-A2D9-AA09E68D3C99}.Debug|Any CPU.Build.0 = Debug|Any CPU
		{55406D71-D296-4A2C-A2D9-AA09E68D3C99}.Release|Any CPU.ActiveCfg = Release|Any CPU
		{55406D71-D296-4A2C-A2D9-AA09E68D3C99}.Release|Any CPU.Build.0 = Release|Any CPU
	EndGlobalSection
	GlobalSection(SolutionProperties) = preSolution
		HideSolutionNode = FALSE
	EndGlobalSection
	GlobalSection(ExtensibilityGlobals) = postSolution
		SolutionGuid = {1FB471FC-AE8A-4F04-A693-644BE9248D67}
	EndGlobalSection
EndGlobal
